
Microsoft Visual Studio Solution File, Format Version 12.00
# Visual Studio 15
VisualStudioVersion = 15.0.26730.16
MinimumVisualStudioVersion = 10.0.40219.1
Project("{FAE04EC0-301F-11D3-BF4B-00C04F79EFBC}") = "Modelthis_93", "Modelthis_93\Modelthis_93.csproj", "{60F43DC2-FD12-44F4-9131-8D86C842AE16}"
EndProject
Global
	GlobalSection(SolutionConfigurationPlatforms) = preSolution
		Debug|Any CPU = Debug|Any CPU
		Release|Any CPU = Release|Any CPU
	EndGlobalSection
	GlobalSection(ProjectConfigurationPlatforms) = postSolution
		{60F43DC2-FD12-44F4-9131-8D86C842AE16}.Debug|Any CPU.ActiveCfg = Debug|Any CPU
		{60F43DC2-FD12-44F4-9131-8D86C842AE16}.Debug|Any CPU.Build.0 = Debug|Any CPU
		{60F43DC2-FD12-44F4-9131-8D86C842AE16}.Release|Any CPU.ActiveCfg = Release|Any CPU
		{60F43DC2-FD12-44F4-9131-8D86C842AE16}.Release|Any CPU.Build.0 = Release|Any CPU
	EndGlobalSection
	GlobalSection(SolutionProperties) = preSolution
		HideSolutionNode = FALSE
	EndGlobalSection
	GlobalSection(ExtensibilityGlobals) = postSolution
		SolutionGuid = {E37C2E96-B8D5-4F1A-BB6D-09716FB7843F}
	EndGlobalSection
EndGlobal
